
Microsoft Visual Studio Solution File, Format Version 12.00
# Visual Studio Version 16
VisualStudioVersion = 16.0.31727.386
MinimumVisualStudioVersion = 10.0.40219.1
Project("{2150E333-8FDC-42A3-9474-1A3956D46DE8}") = "Products", "Products", "{D639E940-F0CB-4621-B40E-9E5A96E3C18B}"
EndProject
Project("{2150E333-8FDC-42A3-9474-1A3956D46DE8}") = "src", "src", "{D7F939F1-A289-43AD-A7B0-2446711DBD61}"
EndProject
Project("{2150E333-8FDC-42A3-9474-1A3956D46DE8}") = "ApiGateway", "ApiGateway", "{D12B07D1-5B13-4EF5-AF74-9D73F2E3119E}"
EndProject
Project("{2150E333-8FDC-42A3-9474-1A3956D46DE8}") = "Services", "Services", "{BD6BC0E8-082A-4A8C-904E-3694F21FB274}"
EndProject
Project("{2150E333-8FDC-42A3-9474-1A3956D46DE8}") = "WebApp", "WebApp", "{854B9A6C-87EB-43A8-BE63-B09F4386A537}"
EndProject
Project("{9A19103F-16F7-4668-BE54-9A1E7A4F7556}") = "ProjectMS.Products", "ProjectMS.Products\ProjectMS.Products.csproj", "{4970E052-CDA0-423A-B0C2-678FAC4A8EF4}"
EndProject
Project("{2150E333-8FDC-42A3-9474-1A3956D46DE8}") = "Common", "Common", "{A01AF3A7-C391-4DC4-9300-CA10CDF2ABC9}"
EndProject
Project("{2150E333-8FDC-42A3-9474-1A3956D46DE8}") = "Order", "Order", "{1EA447EE-62A8-419A-B86B-D7AD436CA1DD}"
EndProject
Project("{2150E333-8FDC-42A3-9474-1A3956D46DE8}") = "Sourcing", "Sourcing", "{892D5F98-FFC0-4251-BC13-A5A4390A177A}"
EndProject
Project("{E53339B2-1760-4266-BCC7-CA923CBCF16C}") = "docker-compose", "docker-compose.dcproj", "{1CAB6A46-528F-4D13-86EA-A57293764513}"
EndProject
Project("{9A19103F-16F7-4668-BE54-9A1E7A4F7556}") = "ProjectMS.Sourcing", "ProjectMS.Sourcing\ProjectMS.Sourcing.csproj", "{10DF4D2D-6B13-4C6C-B475-C7C35415CC96}"
EndProject
Project("{9A19103F-16F7-4668-BE54-9A1E7A4F7556}") = "EventBusRabbitMQ", "EventBusRabbitMQ\EventBusRabbitMQ.csproj", "{81D6D2FD-0004-4B7E-B909-0C9552AD1588}"
EndProject
Project("{FAE04EC0-301F-11D3-BF4B-00C04F79EFBC}") = "ProjectMS.Order", "ProjectMS.Order\ProjectMS.Order.csproj", "{33A26540-277E-4B3C-852F-D31F9FD24221}"
EndProject
Project("{FAE04EC0-301F-11D3-BF4B-00C04F79EFBC}") = "Ordering.Domain", "Ordering.Domain\Ordering.Domain.csproj", "{59405527-885B-4A49-9BD7-0848D6C30B17}"
EndProject
Project("{FAE04EC0-301F-11D3-BF4B-00C04F79EFBC}") = "Ordering.Application", "..\Ordering.Application\Ordering.Application.csproj", "{C9AB22E6-5F7A-4C71-B4AA-49F21C72D1BF}"
EndProject
Project("{FAE04EC0-301F-11D3-BF4B-00C04F79EFBC}") = "Ordering.Infrastructure", "..\Ordering.Infrastructure\Ordering.Infrastructure.csproj", "{FBF737E2-6A55-4EEA-A4A2-7055E839830B}"
EndProject
Global
	GlobalSection(SolutionConfigurationPlatforms) = preSolution
		Debug|Any CPU = Debug|Any CPU
		Release|Any CPU = Release|Any CPU
	EndGlobalSection
	GlobalSection(ProjectConfigurationPlatforms) = postSolution
		{4970E052-CDA0-423A-B0C2-678FAC4A8EF4}.Debug|Any CPU.ActiveCfg = Debug|Any CPU
		{4970E052-CDA0-423A-B0C2-678FAC4A8EF4}.Debug|Any CPU.Build.0 = Debug|Any CPU
		{4970E052-CDA0-423A-B0C2-678FAC4A8EF4}.Release|Any CPU.ActiveCfg = Release|Any CPU
		{4970E052-CDA0-423A-B0C2-678FAC4A8EF4}.Release|Any CPU.Build.0 = Release|Any CPU
		{1CAB6A46-528F-4D13-86EA-A57293764513}.Debug|Any CPU.ActiveCfg = Debug|Any CPU
		{1CAB6A46-528F-4D13-86EA-A57293764513}.Debug|Any CPU.Build.0 = Debug|Any CPU
		{1CAB6A46-528F-4D13-86EA-A57293764513}.Release|Any CPU.ActiveCfg = Release|Any CPU
		{1CAB6A46-528F-4D13-86EA-A57293764513}.Release|Any CPU.Build.0 = Release|Any CPU
		{10DF4D2D-6B13-4C6C-B475-C7C35415CC96}.Debug|Any CPU.ActiveCfg = Debug|Any CPU
		{10DF4D2D-6B13-4C6C-B475-C7C35415CC96}.Debug|Any CPU.Build.0 = Debug|Any CPU
		{10DF4D2D-6B13-4C6C-B475-C7C35415CC96}.Release|Any CPU.ActiveCfg = Release|Any CPU
		{10DF4D2D-6B13-4C6C-B475-C7C35415CC96}.Release|Any CPU.Build.0 = Release|Any CPU
		{81D6D2FD-0004-4B7E-B909-0C9552AD1588}.Debug|Any CPU.ActiveCfg = Debug|Any CPU
		{81D6D2FD-0004-4B7E-B909-0C9552AD1588}.Debug|Any CPU.Build.0 = Debug|Any CPU
		{81D6D2FD-0004-4B7E-B909-0C9552AD1588}.Release|Any CPU.ActiveCfg = Release|Any CPU
		{81D6D2FD-0004-4B7E-B909-0C9552AD1588}.Release|Any CPU.Build.0 = Release|Any CPU
		{33A26540-277E-4B3C-852F-D31F9FD24221}.Debug|Any CPU.ActiveCfg = Debug|Any CPU
		{33A26540-277E-4B3C-852F-D31F9FD24221}.Debug|Any CPU.Build.0 = Debug|Any CPU
		{33A26540-277E-4B3C-852F-D31F9FD24221}.Release|Any CPU.ActiveCfg = Release|Any CPU
		{33A26540-277E-4B3C-852F-D31F9FD24221}.Release|Any CPU.Build.0 = Release|Any CPU
		{59405527-885B-4A49-9BD7-0848D6C30B17}.Debug|Any CPU.ActiveCfg = Debug|Any CPU
		{59405527-885B-4A49-9BD7-0848D6C30B17}.Debug|Any CPU.Build.0 = Debug|Any CPU
		{59405527-885B-4A49-9BD7-0848D6C30B17}.Release|Any CPU.ActiveCfg = Release|Any CPU
		{59405527-885B-4A49-9BD7-0848D6C30B17}.Release|Any CPU.Build.0 = Release|Any CPU
		{C9AB22E6-5F7A-4C71-B4AA-49F21C72D1BF}.Debug|Any CPU.ActiveCfg = Debug|Any CPU
		{C9AB22E6-5F7A-4C71-B4AA-49F21C72D1BF}.Debug|Any CPU.Build.0 = Debug|Any CPU
		{C9AB22E6-5F7A-4C71-B4AA-49F21C72D1BF}.Release|Any CPU.ActiveCfg = Release|Any CPU
		{C9AB22E6-5F7A-4C71-B4AA-49F21C72D1BF}.Release|Any CPU.Build.0 = Release|Any CPU
		{FBF737E2-6A55-4EEA-A4A2-7055E839830B}.Debug|Any CPU.ActiveCfg = Debug|Any CPU
		{FBF737E2-6A55-4EEA-A4A2-7055E839830B}.Debug|Any CPU.Build.0 = Debug|Any CPU
		{FBF737E2-6A55-4EEA-A4A2-7055E839830B}.Release|Any CPU.ActiveCfg = Release|Any CPU
		{FBF737E2-6A55-4EEA-A4A2-7055E839830B}.Release|Any CPU.Build.0 = Release|Any CPU
	EndGlobalSection
	GlobalSection(SolutionProperties) = preSolution
		HideSolutionNode = FALSE
	EndGlobalSection
	GlobalSection(NestedProjects) = preSolution
		{D639E940-F0CB-4621-B40E-9E5A96E3C18B} = {BD6BC0E8-082A-4A8C-904E-3694F21FB274}
		{D12B07D1-5B13-4EF5-AF74-9D73F2E3119E} = {D7F939F1-A289-43AD-A7B0-2446711DBD61}
		{BD6BC0E8-082A-4A8C-904E-3694F21FB274} = {D7F939F1-A289-43AD-A7B0-2446711DBD61}
		{854B9A6C-87EB-43A8-BE63-B09F4386A537} = {D7F939F1-A289-43AD-A7B0-2446711DBD61}
		{4970E052-CDA0-423A-B0C2-678FAC4A8EF4} = {D639E940-F0CB-4621-B40E-9E5A96E3C18B}
		{A01AF3A7-C391-4DC4-9300-CA10CDF2ABC9} = {BD6BC0E8-082A-4A8C-904E-3694F21FB274}
		{1EA447EE-62A8-419A-B86B-D7AD436CA1DD} = {BD6BC0E8-082A-4A8C-904E-3694F21FB274}
		{892D5F98-FFC0-4251-BC13-A5A4390A177A} = {BD6BC0E8-082A-4A8C-904E-3694F21FB274}
		{10DF4D2D-6B13-4C6C-B475-C7C35415CC96} = {892D5F98-FFC0-4251-BC13-A5A4390A177A}
		{81D6D2FD-0004-4B7E-B909-0C9552AD1588} = {A01AF3A7-C391-4DC4-9300-CA10CDF2ABC9}
		{33A26540-277E-4B3C-852F-D31F9FD24221} = {1EA447EE-62A8-419A-B86B-D7AD436CA1DD}
		{59405527-885B-4A49-9BD7-0848D6C30B17} = {1EA447EE-62A8-419A-B86B-D7AD436CA1DD}
		{C9AB22E6-5F7A-4C71-B4AA-49F21C72D1BF} = {1EA447EE-62A8-419A-B86B-D7AD436CA1DD}
		{FBF737E2-6A55-4EEA-A4A2-7055E839830B} = {1EA447EE-62A8-419A-B86B-D7AD436CA1DD}
	EndGlobalSection
	GlobalSection(ExtensibilityGlobals) = postSolution
		SolutionGuid = {393AD275-2301-4D0F-B8C7-319613233010}
	EndGlobalSection
EndGlobal
